{"is_source_file": false, "format": "", "description": "", "external_files": [], "external_methods": [], "published": [], "classes": [], "methods": [], "calls": [], "search-terms": [], "state": 2, "file_id": 58, "knowledge_revision": 186, "git_revision": "", "hash": "876ed354d15a2f025dfa7c3ac9523677", "format-version": 4, "code-base-name": "default", "filename": "mobile_app_frontend_workspace/mobile_app_frontend/macos/Runner.xcodeproj/xcshareddata/xcschemes/Runner.xcscheme", "revision_history": [{"186": ""}]}